Microsoft Visual Studio Solution File, Format Version 12.00
# Visual Studio 2012
Project("{FAE04EC0-301F-11D3-BF4B-00C04F79EFBC}") = "TesteVR", "TesteVR.csproj", "{C96EEC52-F0F2-4FA3-917E-6C39ADD4A5B6}"
EndProject
Global
	GlobalSection(SolutionConfigurationPlatforms) = preSolution
	Debug|Any CPU = Debug|Any CPU
	ExportDebug|Any CPU = ExportDebug|Any CPU
	ExportRelease|Any CPU = ExportRelease|Any CPU
	EndGlobalSection
	GlobalSection(ProjectConfigurationPlatforms) = postSolution
		{C96EEC52-F0F2-4FA3-917E-6C39ADD4A5B6}.Debug|Any CPU.ActiveCfg = Debug|Any CPU
		{C96EEC52-F0F2-4FA3-917E-6C39ADD4A5B6}.Debug|Any CPU.Build.0 = Debug|Any CPU
		{C96EEC52-F0F2-4FA3-917E-6C39ADD4A5B6}.ExportDebug|Any CPU.ActiveCfg = ExportDebug|Any CPU
		{C96EEC52-F0F2-4FA3-917E-6C39ADD4A5B6}.ExportDebug|Any CPU.Build.0 = ExportDebug|Any CPU
		{C96EEC52-F0F2-4FA3-917E-6C39ADD4A5B6}.ExportRelease|Any CPU.ActiveCfg = ExportRelease|Any CPU
		{C96EEC52-F0F2-4FA3-917E-6C39ADD4A5B6}.ExportRelease|Any CPU.Build.0 = ExportRelease|Any CPU
	EndGlobalSection
EndGlobal
